// !$*UTF8*$!
{
	archiveVersion = 1;
	classes = {
	};
	objectVersion = 56;
	objects = {

/* Begin PBXBuildFile section */
		80097F212A2E912F0025896A /* ControlButtonView.swift in Sources */ = {isa = PBXBuildFile; fileRef = 80097F202A2E912F0025896A /* ControlButtonView.swift */; };
		80097F232A2FC10F0025896A /* TestingController.swift in Sources */ = {isa = PBXBuildFile; fileRef = 80097F222A2FC10F0025896A /* TestingController.swift */; };
		80097F262A3107A80025896A /* PlayerControlsOverlayView.swift in Sources */ = {isa = PBXBuildFile; fileRef = 80097F252A3107A80025896A /* PlayerControlsOverlayView.swift */; };
		80097F282A3109BD0025896A /* TransportBar.swift in Sources */ = {isa = PBXBuildFile; fileRef = 80097F272A3109BD0025896A /* TransportBar.swift */; };
		8066710F2A26B64A006DBAD2 /* AppDelegate.swift in Sources */ = {isa = PBXBuildFile; fileRef = 8066710E2A26B64A006DBAD2 /* AppDelegate.swift */; };
		806671112A26B64A006DBAD2 /* ViewController.swift in Sources */ = {isa = PBXBuildFile; fileRef = 806671102A26B64A006DBAD2 /* ViewController.swift */; };
		806671142A26B64A006DBAD2 /* Main.storyboard in Resources */ = {isa = PBXBuildFile; fileRef = 806671122A26B64A006DBAD2 /* Main.storyboard */; };
		806671172A26B64A006DBAD2 /* testing.xcdatamodeld in Sources */ = {isa = PBXBuildFile; fileRef = 806671152A26B64A006DBAD2 /* testing.xcdatamodeld */; };
		806671192A26B64B006DBAD2 /* Assets.xcassets in Resources */ = {isa = PBXBuildFile; fileRef = 806671182A26B64B006DBAD2 /* Assets.xcassets */; };
		8066711C2A26B64B006DBAD2 /* LaunchScreen.storyboard in Resources */ = {isa = PBXBuildFile; fileRef = 8066711A2A26B64B006DBAD2 /* LaunchScreen.storyboard */; };
		806671232A26B82D006DBAD2 /* CustomView.swift in Sources */ = {isa = PBXBuildFile; fileRef = 806671222A26B82D006DBAD2 /* CustomView.swift */; };
		806671252A26C81A006DBAD2 /* PlayerViewController.swift in Sources */ = {isa = PBXBuildFile; fileRef = 806671242A26C81A006DBAD2 /* PlayerViewController.swift */; };
		806671272A26CDC7006DBAD2 /* Calculator-styling.mp4 in Resources */ = {isa = PBXBuildFile; fileRef = 806671262A26CC33006DBAD2 /* Calculator-styling.mp4 */; };
		8066714E2A28190F006DBAD2 /* MovieDetailViewController.swift in Sources */ = {isa = PBXBuildFile; fileRef = 8066714D2A28190F006DBAD2 /* MovieDetailViewController.swift */; };
		806671502A283820006DBAD2 /* PausePlayButton.swift in Sources */ = {isa = PBXBuildFile; fileRef = 8066714F2A283820006DBAD2 /* PausePlayButton.swift */; };
/* End PBXBuildFile section */

/* Begin PBXFileReference section */
		80097F202A2E912F0025896A /* ControlButtonView.swift */ = {isa = PBXFileReference; lastKnownFileType = sourcecode.swift; path = ControlButtonView.swift; sourceTree = "<group>"; };
		80097F222A2FC10F0025896A /* TestingController.swift */ = {isa = PBXFileReference; lastKnownFileType = sourcecode.swift; path = TestingController.swift; sourceTree = "<group>"; };
		80097F252A3107A80025896A /* PlayerControlsOverlayView.swift */ = {isa = PBXFileReference; lastKnownFileType = sourcecode.swift; path = PlayerControlsOverlayView.swift; sourceTree = "<group>"; };
		80097F272A3109BD0025896A /* TransportBar.swift */ = {isa = PBXFileReference; lastKnownFileType = sourcecode.swift; path = TransportBar.swift; sourceTree = "<group>"; };
		8066710B2A26B64A006DBAD2 /* testing.app */ = {isa = PBXFileReference; explicitFileType = wrapper.application; includeInIndex = 0; path = testing.app; sourceTree = BUILT_PRODUCTS_DIR; };
		8066710E2A26B64A006DBAD2 /* AppDelegate.swift */ = {isa = PBXFileReference; lastKnownFileType = sourcecode.swift; path = AppDelegate.swift; sourceTree = "<group>"; };
		806671102A26B64A006DBAD2 /* ViewController.swift */ = {isa = PBXFileReference; lastKnownFileType = sourcecode.swift; path = ViewController.swift; sourceTree = "<group>"; };
		806671132A26B64A006DBAD2 /* Base */ = {isa = PBXFileReference; lastKnownFileType = file.storyboard; name = Base; path = Base.lproj/Main.storyboard; sourceTree = "<group>"; };
		806671162A26B64A006DBAD2 /* testing.xcdatamodel */ = {isa = PBXFileReference; lastKnownFileType = wrapper.xcdatamodel; path = testing.xcdatamodel; sourceTree = "<group>"; };
		806671182A26B64B006DBAD2 /* Assets.xcassets */ = {isa = PBXFileReference; lastKnownFileType = folder.assetcatalog; path = Assets.xcassets; sourceTree = "<group>"; };
		8066711B2A26B64B006DBAD2 /* Base */ = {isa = PBXFileReference; lastKnownFileType = file.storyboard; name = Base; path = Base.lproj/LaunchScreen.storyboard; sourceTree = "<group>"; };
		806671222A26B82D006DBAD2 /* CustomView.swift */ = {isa = PBXFileReference; lastKnownFileType = sourcecode.swift; path = CustomView.swift; sourceTree = "<group>"; };
		806671242A26C81A006DBAD2 /* PlayerViewController.swift */ = {isa = PBXFileReference; lastKnownFileType = sourcecode.swift; path = PlayerViewController.swift; sourceTree = "<group>"; };
		806671262A26CC33006DBAD2 /* Calculator-styling.mp4 */ = {isa = PBXFileReference; lastKnownFileType = file; path = "Calculator-styling.mp4"; sourceTree = "<group>"; };
		8066714D2A28190F006DBAD2 /* MovieDetailViewController.swift */ = {isa = PBXFileReference; lastKnownFileType = sourcecode.swift; path = MovieDetailViewController.swift; sourceTree = "<group>"; };
		8066714F2A283820006DBAD2 /* PausePlayButton.swift */ = {isa = PBXFileReference; lastKnownFileType = sourcecode.swift; path = PausePlayButton.swift; sourceTree = "<group>"; };
/* End PBXFileReference section */

/* Begin PBXFrameworksBuildPhase section */
		806671082A26B64A006DBAD2 /* Frameworks */ = {
			isa = PBXFrameworksBuildPhase;
			buildActionMask = 2147483647;
			files = (
			);
			runOnlyForDeploymentPostprocessing = 0;
		};
/* End PBXFrameworksBuildPhase section */

/* Begin PBXGroup section */
		80097F242A3107830025896A /* Overlay */ = {
			isa = PBXGroup;
			children = (
				80097F252A3107A80025896A /* PlayerControlsOverlayView.swift */,
				80097F272A3109BD0025896A /* TransportBar.swift */,
			);
			path = Overlay;
			sourceTree = "<group>";
		};
		806671022A26B64A006DBAD2 = {
			isa = PBXGroup;
			children = (
				8066710D2A26B64A006DBAD2 /* testing */,
				8066710C2A26B64A006DBAD2 /* Products */,
			);
			sourceTree = "<group>";
		};
		8066710C2A26B64A006DBAD2 /* Products */ = {
			isa = PBXGroup;
			children = (
				8066710B2A26B64A006DBAD2 /* testing.app */,
			);
			name = Products;
			sourceTree = "<group>";
		};
		8066710D2A26B64A006DBAD2 /* testing */ = {
			isa = PBXGroup;
			children = (
				80097F222A2FC10F0025896A /* TestingController.swift */,
				8066714D2A28190F006DBAD2 /* MovieDetailViewController.swift */,
				8066714F2A283820006DBAD2 /* PausePlayButton.swift */,
				806671242A26C81A006DBAD2 /* PlayerViewController.swift */,
				80097F242A3107830025896A /* Overlay */,
				806671222A26B82D006DBAD2 /* CustomView.swift */,
				8066710E2A26B64A006DBAD2 /* AppDelegate.swift */,
				806671102A26B64A006DBAD2 /* ViewController.swift */,
				80097F202A2E912F0025896A /* ControlButtonView.swift */,
				806671182A26B64B006DBAD2 /* Assets.xcassets */,
				806671122A26B64A006DBAD2 /* Main.storyboard */,
				8066711A2A26B64B006DBAD2 /* LaunchScreen.storyboard */,
				806671152A26B64A006DBAD2 /* testing.xcdatamodeld */,
				806671262A26CC33006DBAD2 /* Calculator-styling.mp4 */,
			);
			path = testing;
			sourceTree = "<group>";
		};
/* End PBXGroup section */

/* Begin PBXNativeTarget section */
		8066710A2A26B64A006DBAD2 /* testing */ = {
			isa = PBXNativeTarget;
			buildConfigurationList = 8066711F2A26B64B006DBAD2 /* Build configuration list for PBXNativeTarget "testing" */;
			buildPhases = (
				806671072A26B64A006DBAD2 /* Sources */,
				806671082A26B64A006DBAD2 /* Frameworks */,
				806671092A26B64A006DBAD2 /* Resources */,
			);
			buildRules = (
			);
			dependencies = (
			);
			name = testing;
			productName = testing;
			productReference = 8066710B2A26B64A006DBAD2 /* testing.app */;
			productType = "com.apple.product-type.application";
		};
/* End PBXNativeTarget section */

/* Begin PBXProject section */
		806671032A26B64A006DBAD2 /* Project object */ = {
			isa = PBXProject;
			attributes = {
				BuildIndependentTargetsInParallel = 1;
				LastSwiftUpdateCheck = 1420;
				LastUpgradeCheck = 1420;
				TargetAttributes = {
					8066710A2A26B64A006DBAD2 = {
						CreatedOnToolsVersion = 14.2;
					};
				};
			};
			buildConfigurationList = 806671062A26B64A006DBAD2 /* Build configuration list for PBXProject "testing" */;
			compatibilityVersion = "Xcode 14.0";
			developmentRegion = en;
			hasScannedForEncodings = 0;
			knownRegions = (
				en,
				Base,
			);
			mainGroup = 806671022A26B64A006DBAD2;
			productRefGroup = 8066710C2A26B64A006DBAD2 /* Products */;
			projectDirPath = "";
			projectRoot = "";
			targets = (
				8066710A2A26B64A006DBAD2 /* testing */,
			);
		};
/* End PBXProject section */

/* Begin PBXResourcesBuildPhase section */
		806671092A26B64A006DBAD2 /* Resources */ = {
			isa = PBXResourcesBuildPhase;
			buildActionMask = 2147483647;
			files = (
				8066711C2A26B64B006DBAD2 /* LaunchScreen.storyboard in Resources */,
				806671192A26B64B006DBAD2 /* Assets.xcassets in Resources */,
				806671272A26CDC7006DBAD2 /* Calculator-styling.mp4 in Resources */,
				806671142A26B64A006DBAD2 /* Main.storyboard in Resources */,
			);
			runOnlyForDeploymentPostprocessing = 0;
		};
/* End PBXResourcesBuildPhase section */

/* Begin PBXSourcesBuildPhase section */
		806671072A26B64A006DBAD2 /* Sources */ = {
			isa = PBXSourcesBuildPhase;
			buildActionMask = 2147483647;
			files = (
				80097F262A3107A80025896A /* PlayerControlsOverlayView.swift in Sources */,
				806671112A26B64A006DBAD2 /* ViewController.swift in Sources */,
				806671232A26B82D006DBAD2 /* CustomView.swift in Sources */,
				80097F282A3109BD0025896A /* TransportBar.swift in Sources */,
				80097F212A2E912F0025896A /* ControlButtonView.swift in Sources */,
				8066710F2A26B64A006DBAD2 /* AppDelegate.swift in Sources */,
				806671172A26B64A006DBAD2 /* testing.xcdatamodeld in Sources */,
				8066714E2A28190F006DBAD2 /* MovieDetailViewController.swift in Sources */,
				806671252A26C81A006DBAD2 /* PlayerViewController.swift in Sources */,
				806671502A283820006DBAD2 /* PausePlayButton.swift in Sources */,
				80097F232A2FC10F0025896A /* TestingController.swift in Sources */,
			);
			runOnlyForDeploymentPostprocessing = 0;
		};
/* End PBXSourcesBuildPhase section */

/* Begin PBXVariantGroup section */
		806671122A26B64A006DBAD2 /* Main.storyboard */ = {
			isa = PBXVariantGroup;
			children = (
				806671132A26B64A006DBAD2 /* Base */,
			);
			name = Main.storyboard;
			sourceTree = "<group>";
		};
		8066711A2A26B64B006DBAD2 /* LaunchScreen.storyboard */ = {
			isa = PBXVariantGroup;
			children = (
				8066711B2A26B64B006DBAD2 /* Base */,
			);
			name = LaunchScreen.storyboard;
			sourceTree = "<group>";
		};
/* End PBXVariantGroup section */

/* Begin XCBuildConfiguration section */
		8066711D2A26B64B006DBAD2 /* Debug */ = {
			isa = XCBuildConfiguration;
			buildSettings = {
				ALWAYS_SEARCH_USER_PATHS = NO;
				CLANG_ANALYZER_NONNULL = YES;
				CLANG_ANALYZER_NUMBER_OBJECT_CONVERSION = YES_AGGRESSIVE;
				CLANG_CXX_LANGUAGE_STANDARD = "gnu++20";
				CLANG_ENABLE_MODULES = YES;
				CLANG_ENABLE_OBJC_ARC = YES;
				CLANG_ENABLE_OBJC_WEAK = YES;
				CLANG_WARN_BLOCK_CAPTURE_AUTORELEASING = YES;
				CLANG_WARN_BOOL_CONVERSION = YES;
				CLANG_WARN_COMMA = YES;
				CLANG_WARN_CONSTANT_CONVERSION = YES;
				CLANG_WARN_DEPRECATED_OBJC_IMPLEMENTATIONS = YES;
				CLANG_WARN_DIRECT_OBJC_ISA_USAGE = YES_ERROR;
				CLANG_WARN_DOCUMENTATION_COMMENTS = YES;
				CLANG_WARN_EMPTY_BODY = YES;
				CLANG_WARN_ENUM_CONVERSION = YES;
				CLANG_WARN_INFINITE_RECURSION = YES;
				CLANG_WARN_INT_CONVERSION = YES;
				CLANG_WARN_NON_LITERAL_NULL_CONVERSION = YES;
				CLANG_WARN_OBJC_IMPLICIT_RETAIN_SELF = YES;
				CLANG_WARN_OBJC_LITERAL_CONVERSION = YES;
				CLANG_WARN_OBJC_ROOT_CLASS = YES_ERROR;
				CLANG_WARN_QUOTED_INCLUDE_IN_FRAMEWORK_HEADER = YES;
				CLANG_WARN_RANGE_LOOP_ANALYSIS = YES;
				CLANG_WARN_STRICT_PROTOTYPES = YES;
				CLANG_WARN_SUSPICIOUS_MOVE = YES;
				CLANG_WARN_UNGUARDED_AVAILABILITY = YES_AGGRESSIVE;
				CLANG_WARN_UNREACHABLE_CODE = YES;
				CLANG_WARN__DUPLICATE_METHOD_MATCH = YES;
				COPY_PHASE_STRIP = NO;
				DEBUG_INFORMATION_FORMAT = dwarf;
				ENABLE_STRICT_OBJC_MSGSEND = YES;
				ENABLE_TESTABILITY = YES;
				GCC_C_LANGUAGE_STANDARD = gnu11;
				GCC_DYNAMIC_NO_PIC = NO;
				GCC_NO_COMMON_BLOCKS = YES;
				GCC_OPTIMIZATION_LEVEL = 0;
				GCC_PREPROCESSOR_DEFINITIONS = (
					"DEBUG=1",
					"$(inherited)",
				);
				GCC_WARN_64_TO_32_BIT_CONVERSION = YES;
				GCC_WARN_ABOUT_RETURN_TYPE = YES_ERROR;
				GCC_WARN_UNDECLARED_SELECTOR = YES;
				GCC_WARN_UNINITIALIZED_AUTOS = YES_AGGRESSIVE;
				GCC_WARN_UNUSED_FUNCTION = YES;
				GCC_WARN_UNUSED_VARIABLE = YES;
				MTL_ENABLE_DEBUG_INFO = INCLUDE_SOURCE;
				MTL_FAST_MATH = YES;
				ONLY_ACTIVE_ARCH = YES;
				SDKROOT = appletvos;
				SWIFT_ACTIVE_COMPILATION_CONDITIONS = DEBUG;
				SWIFT_OPTIMIZATION_LEVEL = "-Onone";
				TVOS_DEPLOYMENT_TARGET = 16.1;
			};
			name = Debug;
		};
		8066711E2A26B64B006DBAD2 /* Release */ = {
			isa = XCBuildConfiguration;
			buildSettings = {
				ALWAYS_SEARCH_USER_PATHS = NO;
				CLANG_ANALYZER_NONNULL = YES;
				CLANG_ANALYZER_NUMBER_OBJECT_CONVERSION = YES_AGGRESSIVE;
				CLANG_CXX_LANGUAGE_STANDARD = "gnu++20";
				CLANG_ENABLE_MODULES = YES;
				CLANG_ENABLE_OBJC_ARC = YES;
				CLANG_ENABLE_OBJC_WEAK = YES;
				CLANG_WARN_BLOCK_CAPTURE_AUTORELEASING = YES;
				CLANG_WARN_BOOL_CONVERSION = YES;
				CLANG_WARN_COMMA = YES;
				CLANG_WARN_CONSTANT_CONVERSION = YES;
				CLANG_WARN_DEPRECATED_OBJC_IMPLEMENTATIONS = YES;
				CLANG_WARN_DIRECT_OBJC_ISA_USAGE = YES_ERROR;
				CLANG_WARN_DOCUMENTATION_COMMENTS = YES;
				CLANG_WARN_EMPTY_BODY = YES;
				CLANG_WARN_ENUM_CONVERSION = YES;
				CLANG_WARN_INFINITE_RECURSION = YES;
				CLANG_WARN_INT_CONVERSION = YES;
				CLANG_WARN_NON_LITERAL_NULL_CONVERSION = YES;
				CLANG_WARN_OBJC_IMPLICIT_RETAIN_SELF = YES;
				CLANG_WARN_OBJC_LITERAL_CONVERSION = YES;
				CLANG_WARN_OBJC_ROOT_CLASS = YES_ERROR;
				CLANG_WARN_QUOTED_INCLUDE_IN_FRAMEWORK_HEADER = YES;
				CLANG_WARN_RANGE_LOOP_ANALYSIS = YES;
				CLANG_WARN_STRICT_PROTOTYPES = YES;
				CLANG_WARN_SUSPICIOUS_MOVE = YES;
				CLANG_WARN_UNGUARDED_AVAILABILITY = YES_AGGRESSIVE;
				CLANG_WARN_UNREACHABLE_CODE = YES;
				CLANG_WARN__DUPLICATE_METHOD_MATCH = YES;
				COPY_PHASE_STRIP = NO;
				DEBUG_INFORMATION_FORMAT = "dwarf-with-dsym";
				ENABLE_NS_ASSERTIONS = NO;
				ENABLE_STRICT_OBJC_MSGSEND = YES;
				GCC_C_LANGUAGE_STANDARD = gnu11;
				GCC_NO_COMMON_BLOCKS = YES;
				GCC_WARN_64_TO_32_BIT_CONVERSION = YES;
				GCC_WARN_ABOUT_RETURN_TYPE = YES_ERROR;
				GCC_WARN_UNDECLARED_SELECTOR = YES;
				GCC_WARN_UNINITIALIZED_AUTOS = YES_AGGRESSIVE;
				GCC_WARN_UNUSED_FUNCTION = YES;
				GCC_WARN_UNUSED_VARIABLE = YES;
				MTL_ENABLE_DEBUG_INFO = NO;
				MTL_FAST_MATH = YES;
				SDKROOT = appletvos;
				SWIFT_COMPILATION_MODE = wholemodule;
				SWIFT_OPTIMIZATION_LEVEL = "-O";
				TVOS_DEPLOYMENT_TARGET = 16.1;
				VALIDATE_PRODUCT = YES;
			};
			name = Release;
		};
		806671202A26B64B006DBAD2 /* Debug */ = {
			isa = XCBuildConfiguration;
			buildSettings = {
				ASSETCATALOG_COMPILER_APPICON_NAME = "App Icon & Top Shelf Image";
				ASSETCATALOG_COMPILER_GLOBAL_ACCENT_COLOR_NAME = AccentColor;
				CODE_SIGN_STYLE = Automatic;
				CURRENT_PROJECT_VERSION = 1;
				DEVELOPMENT_TEAM = 9MG5DS3SP5;
				GENERATE_INFOPLIST_FILE = YES;
				INFOPLIST_KEY_UILaunchStoryboardName = LaunchScreen;
				INFOPLIST_KEY_UIMainStoryboardFile = Main;
				INFOPLIST_KEY_UIUserInterfaceStyle = Automatic;
				LD_RUNPATH_SEARCH_PATHS = (
					"$(inherited)",
					"@executable_path/Frameworks",
				);
				MARKETING_VERSION = 1.0;
				PRODUCT_BUNDLE_IDENTIFIER = I.testing;
				PRODUCT_NAME = "$(TARGET_NAME)";
				SWIFT_EMIT_LOC_STRINGS = YES;
				SWIFT_VERSION = 5.0;
				TARGETED_DEVICE_FAMILY = 3;
			};
			name = Debug;
		};
		806671212A26B64B006DBAD2 /* Release */ = {
			isa = XCBuildConfiguration;
			buildSettings = {
				ASSETCATALOG_COMPILER_APPICON_NAME = "App Icon & Top Shelf Image";
				ASSETCATALOG_COMPILER_GLOBAL_ACCENT_COLOR_NAME = AccentColor;
				CODE_SIGN_STYLE = Automatic;
				CURRENT_PROJECT_VERSION = 1;
				DEVELOPMENT_TEAM = 9MG5DS3SP5;
				GENERATE_INFOPLIST_FILE = YES;
				INFOPLIST_KEY_UILaunchStoryboardName = LaunchScreen;
				INFOPLIST_KEY_UIMainStoryboardFile = Main;
				INFOPLIST_KEY_UIUserInterfaceStyle = Automatic;
				LD_RUNPATH_SEARCH_PATHS = (
					"$(inherited)",
					"@executable_path/Frameworks",
				);
				MARKETING_VERSION = 1.0;
				PRODUCT_BUNDLE_IDENTIFIER = I.testing;
				PRODUCT_NAME = "$(TARGET_NAME)";
				SWIFT_EMIT_LOC_STRINGS = YES;
				SWIFT_VERSION = 5.0;
				TARGETED_DEVICE_FAMILY = 3;
			};
			name = Release;
		};
/* End XCBuildConfiguration section */

/* Begin XCConfigurationList section */
		806671062A26B64A006DBAD2 /* Build configuration list for PBXProject "testing" */ = {
			isa = XCConfigurationList;
			buildConfigurations = (
				8066711D2A26B64B006DBAD2 /* Debug */,
				8066711E2A26B64B006DBAD2 /* Release */,
			);
			defaultConfigurationIsVisible = 0;
			defaultConfigurationName = Release;
		};
		8066711F2A26B64B006DBAD2 /* Build configuration list for PBXNativeTarget "testing" */ = {
			isa = XCConfigurationList;
			buildConfigurations = (
				806671202A26B64B006DBAD2 /* Debug */,
				806671212A26B64B006DBAD2 /* Release */,
			);
			defaultConfigurationIsVisible = 0;
			defaultConfigurationName = Release;
		};
/* End XCConfigurationList section */

/* Begin XCVersionGroup section */
		806671152A26B64A006DBAD2 /* testing.xcdatamodeld */ = {
			isa = XCVersionGroup;
			children = (
				806671162A26B64A006DBAD2 /* testing.xcdatamodel */,
			);
			currentVersion = 806671162A26B64A006DBAD2 /* testing.xcdatamodel */;
			path = testing.xcdatamodeld;
			sourceTree = "<group>";
			versionGroupType = wrapper.xcdatamodel;
		};
/* End XCVersionGroup section */
	};
	rootObject = 806671032A26B64A006DBAD2 /* Project object */;
}
